
Microsoft Visual Studio Solution File, Format Version 12.00
# Visual Studio Version 16
VisualStudioVersion = 16.0.32106.194
MinimumVisualStudioVersion = 10.0.40219.1
Project("{FAE04EC0-301F-11D3-BF4B-00C04F79EFBC}") = "ObjectSearch", "ObjectSearch\ObjectSearch.csproj", "{47952573-5047-46CD-889D-3F9078C001D8}"
EndProject
Project("{FAE04EC0-301F-11D3-BF4B-00C04F79EFBC}") = "YOLOv4", "YOLOv4\YOLOv4.csproj", "{78CA8E7E-4B65-4663-8ADD-9255F691A824}"
EndProject
Project("{FAE04EC0-301F-11D3-BF4B-00C04F79EFBC}") = "WpfObjectSearch", "WpfObjectSearch\WpfObjectSearch.csproj", "{3488BB7A-E922-4321-84F8-6AD7F40DEC2D}"
EndProject
Project("{FAE04EC0-301F-11D3-BF4B-00C04F79EFBC}") = "ObjectStorage", "ObjectStorage\ObjectStorage.csproj", "{D0243864-D6C8-48BD-9BC6-8F887E83C3E3}"
EndProject
Global
	GlobalSection(SolutionConfigurationPlatforms) = preSolution
		Debug|Any CPU = Debug|Any CPU
		Release|Any CPU = Release|Any CPU
	EndGlobalSection
	GlobalSection(ProjectConfigurationPlatforms) = postSolution
		{47952573-5047-46CD-889D-3F9078C001D8}.Debug|Any CPU.ActiveCfg = Debug|Any CPU
		{47952573-5047-46CD-889D-3F9078C001D8}.Debug|Any CPU.Build.0 = Debug|Any CPU
		{47952573-5047-46CD-889D-3F9078C001D8}.Release|Any CPU.ActiveCfg = Release|Any CPU
		{47952573-5047-46CD-889D-3F9078C001D8}.Release|Any CPU.Build.0 = Release|Any CPU
		{78CA8E7E-4B65-4663-8ADD-9255F691A824}.Debug|Any CPU.ActiveCfg = Debug|Any CPU
		{78CA8E7E-4B65-4663-8ADD-9255F691A824}.Debug|Any CPU.Build.0 = Debug|Any CPU
		{78CA8E7E-4B65-4663-8ADD-9255F691A824}.Release|Any CPU.ActiveCfg = Release|Any CPU
		{78CA8E7E-4B65-4663-8ADD-9255F691A824}.Release|Any CPU.Build.0 = Release|Any CPU
		{3488BB7A-E922-4321-84F8-6AD7F40DEC2D}.Debug|Any CPU.ActiveCfg = Debug|Any CPU
		{3488BB7A-E922-4321-84F8-6AD7F40DEC2D}.Debug|Any CPU.Build.0 = Debug|Any CPU
		{3488BB7A-E922-4321-84F8-6AD7F40DEC2D}.Release|Any CPU.ActiveCfg = Release|Any CPU
		{3488BB7A-E922-4321-84F8-6AD7F40DEC2D}.Release|Any CPU.Build.0 = Release|Any CPU
		{D0243864-D6C8-48BD-9BC6-8F887E83C3E3}.Debug|Any CPU.ActiveCfg = Debug|Any CPU
		{D0243864-D6C8-48BD-9BC6-8F887E83C3E3}.Debug|Any CPU.Build.0 = Debug|Any CPU
		{D0243864-D6C8-48BD-9BC6-8F887E83C3E3}.Release|Any CPU.ActiveCfg = Release|Any CPU
		{D0243864-D6C8-48BD-9BC6-8F887E83C3E3}.Release|Any CPU.Build.0 = Release|Any CPU
	EndGlobalSection
	GlobalSection(SolutionProperties) = preSolution
		HideSolutionNode = FALSE
	EndGlobalSection
	GlobalSection(ExtensibilityGlobals) = postSolution
		SolutionGuid = {C35A5B50-D591-4515-8531-850AE53BF9D7}
	EndGlobalSection
EndGlobal
